<?xml version="1.0" encoding="utf-8"?>
<Project ToolsVersion="4.0" xmlns="http://schemas.microsoft.com/developer/msbuild/2003">
  <ItemGroup>
    <Filter Include="Source Files">
      <UniqueIdentifier>{4FC737F1-C7A5-4376-A066-2A32D752A2FF}</UniqueIdentifier>
      <Extensions>cpp;c;cc;cxx;c++;cppm;ixx;def;odl;idl;hpj;bat;asm;asmx</Extensions>
    </Filter>
    <Filter Include="Header Files">
      <UniqueIdentifier>{93995380-89BD-4b04-88EB-625FBE52EBFB}</UniqueIdentifier>
      <Extensions>h;hh;hpp;hxx;h++;hm;inl;inc;ipp;xsd</Extensions>
    </Filter>
    <Filter Include="Resource Files">
      <UniqueIdentifier>{67DA6AB6-F800-4c08-8B7A-83BB121AAD01}</UniqueIdentifier>
      <Extensions>rc;ico;cur;bmp;dlg;rc2;rct;bin;rgs;gif;jpg;jpeg;jpe;resx;tiff;tif;png;wav;mfcribbon-ms</Extensions>
    </Filter>
    <Filter Include="Resource Files\Shaders">
      <UniqueIdentifier>{b7e2c9d5-e934-4001-8e93-81d3f6feb8d9}</UniqueIdentifier>
    </Filter>
    <Filter Include="Resource Files\Textures">
      <UniqueIdentifier>{649dad9e-2588-42b7-bbaa-32399ddb4852}</UniqueIdentifier>
    </Filter>
  </ItemGroup>
  <ItemGroup>
    <ClCompile Include="main.cpp">
      <Filter>Source Files</Filter>
    </ClCompile>
    <ClCompile Include="OpenGLCode\Camera.cpp">
      <Filter>Source Files</Filter>
    </ClCompile>
    <ClCompile Include="OpenGLCode\Shader.cpp">
      <Filter>Source Files</Filter>
    </ClCompile>
    <ClCompile Include="stb.cpp">
      <Filter>Source Files</Filter>
    </ClCompile>
  </ItemGroup>
  <ItemGroup>
    <ClInclude Include="OpenGLCode\Camera.h">
      <Filter>Header Files</Filter>
    </ClInclude>
    <ClInclude Include="OpenGLCode\Shader.h">
      <Filter>Header Files</Filter>
    </ClInclude>
  </ItemGroup>
  <ItemGroup>
    <None Include="Shaders\Fragment\1.colors.fs">
      <Filter>Resource Files\Shaders</Filter>
    </None>
    <None Include="Shaders\Fragment\1.light_cube.fs">
      <Filter>Resource Files\Shaders</Filter>
    </None>
    <None Include="Shaders\Vertex\1.colors.vs">
      <Filter>Resource Files\Shaders</Filter>
    </None>
    <None Include="Shaders\Vertex\1.light_cube.vs">
      <Filter>Resource Files\Shaders</Filter>
    </None>
    <None Include="Shaders\Vertex\Basic_lighting.vs">
      <Filter>Resource Files\Shaders</Filter>
    </None>
    <None Include="Shaders\Fragment\Basic_lighting.fs">
      <Filter>Resource Files\Shaders</Filter>
    </None>
    <None Include="Shaders\Fragment\Materials.fs">
      <Filter>Resource Files\Shaders</Filter>
    </None>
    <None Include="Shaders\Vertex\Materials.vs">
      <Filter>Resource Files\Shaders</Filter>
    </None>
  </ItemGroup>
  <ItemGroup>
    <Image Include="Images\container2.png">
      <Filter>Resource Files\Textures</Filter>
    </Image>
  </ItemGroup>
</Project>